
Microsoft Visual Studio Solution File, Format Version 12.00
# Visual Studio 15
VisualStudioVersion = 15.0.27428.2027
MinimumVisualStudioVersion = 10.0.40219.1
Project("{9A19103F-16F7-4668-BE54-9A1E7A4F7556}") = "Calculator", "Calculator\Calculator.csproj", "{37C6C620-44BC-435C-8E0D-4A837977D710}"
EndProject
Project("{9A19103F-16F7-4668-BE54-9A1E7A4F7556}") = "UnitTestProject1", "UnitTestProject1\UnitTestProject1.csproj", "{CD0B55F3-9F2D-401A-BBC8-E991919B36D9}"
EndProject
Project("{FAE04EC0-301F-11D3-BF4B-00C04F79EFBC}") = "tools", "tools\tools.csproj", "{97B14404-0152-49EE-9CD6-A5F661D2EF5E}"
EndProject
Global
	GlobalSection(SolutionConfigurationPlatforms) = preSolution
		Debug|Any CPU = Debug|Any CPU
		Release|Any CPU = Release|Any CPU
	EndGlobalSection
	GlobalSection(ProjectConfigurationPlatforms) = postSolution
		{37C6C620-44BC-435C-8E0D-4A837977D710}.Debug|Any CPU.ActiveCfg = Debug|Any CPU
		{37C6C620-44BC-435C-8E0D-4A837977D710}.Debug|Any CPU.Build.0 = Debug|Any CPU
		{37C6C620-44BC-435C-8E0D-4A837977D710}.Release|Any CPU.ActiveCfg = Release|Any CPU
		{37C6C620-44BC-435C-8E0D-4A837977D710}.Release|Any CPU.Build.0 = Release|Any CPU
		{CD0B55F3-9F2D-401A-BBC8-E991919B36D9}.Debug|Any CPU.ActiveCfg = Debug|Any CPU
		{CD0B55F3-9F2D-401A-BBC8-E991919B36D9}.Debug|Any CPU.Build.0 = Debug|Any CPU
		{CD0B55F3-9F2D-401A-BBC8-E991919B36D9}.Release|Any CPU.ActiveCfg = Release|Any CPU
		{CD0B55F3-9F2D-401A-BBC8-E991919B36D9}.Release|Any CPU.Build.0 = Release|Any CPU
		{97B14404-0152-49EE-9CD6-A5F661D2EF5E}.Debug|Any CPU.ActiveCfg = Debug|Any CPU
		{97B14404-0152-49EE-9CD6-A5F661D2EF5E}.Debug|Any CPU.Build.0 = Debug|Any CPU
		{97B14404-0152-49EE-9CD6-A5F661D2EF5E}.Release|Any CPU.ActiveCfg = Release|Any CPU
		{97B14404-0152-49EE-9CD6-A5F661D2EF5E}.Release|Any CPU.Build.0 = Release|Any CPU
	EndGlobalSection
	GlobalSection(SolutionProperties) = preSolution
		HideSolutionNode = FALSE
	EndGlobalSection
	GlobalSection(ExtensibilityGlobals) = postSolution
		SolutionGuid = {092C2319-BAE5-47AA-BA62-870CE896DBC4}
	EndGlobalSection
EndGlobal
